
Microsoft Visual Studio Solution File, Format Version 12.00
# Visual Studio Version 16
VisualStudioVersion = 16.0.31409.214
MinimumVisualStudioVersion = 10.0.40219.1
Project("{FAE04EC0-301F-11D3-BF4B-00C04F79EFBC}") = "ApplicationInsightDemo", "ApplicationInsightDemo\ApplicationInsightDemo.csproj", "{A3F8E563-432D-48CC-A236-D8B331F3888F}"
EndProject
Global
	GlobalSection(SolutionConfigurationPlatforms) = preSolution
		Debug|Any CPU = Debug|Any CPU
		Release|Any CPU = Release|Any CPU
	EndGlobalSection
	GlobalSection(ProjectConfigurationPlatforms) = postSolution
		{A3F8E563-432D-48CC-A236-D8B331F3888F}.Debug|Any CPU.ActiveCfg = Debug|Any CPU
		{A3F8E563-432D-48CC-A236-D8B331F3888F}.Debug|Any CPU.Build.0 = Debug|Any CPU
		{A3F8E563-432D-48CC-A236-D8B331F3888F}.Release|Any CPU.ActiveCfg = Release|Any CPU
		{A3F8E563-432D-48CC-A236-D8B331F3888F}.Release|Any CPU.Build.0 = Release|Any CPU
	EndGlobalSection
	GlobalSection(SolutionProperties) = preSolution
		HideSolutionNode = FALSE
	EndGlobalSection
	GlobalSection(ExtensibilityGlobals) = postSolution
		SolutionGuid = {4AB5C517-945B-4EF3-97BE-24621096E1AA}
	EndGlobalSection
EndGlobal
